{
  "object": {
    "pins": [
      {
        "package": "Defaults",
        "repositoryURL": "https://github.com/sindresorhus/Defaults",
        "state": {
          "branch": null,
          "revision": "55f3302c3ab30a8760f10042d0ebc0a6907f865a",
          "version": "6.1.0"
        }
      }
    ]
  },
  "version": 1
}
