{
  "pins" : [
    {
      "identity" : "defaults",
      "kind" : "remoteSourceControl",
      "location" : "https://github.com/sindresorhus/Defaults",
      "state" : {
        "branch" : "main",
        "revision" : "981ccb0a01c54abbe3c12ccb8226108527bbf115"
      }
    },
    {
      "identity" : "get",
      "kind" : "remoteSourceControl",
      "location" : "https://github.com/kean/Get.git",
      "state" : {
        "branch" : "main",
        "revision" : "f93c8efb3cc17b4e6404bd943949b631b1836a12"
      }
    }
  ],
  "version" : 2
}
